
Microsoft Visual Studio Solution File, Format Version 12.00
# Visual Studio Version 17
VisualStudioVersion = 17.13.35825.156 d17.13
MinimumVisualStudioVersion = 10.0.40219.1
Project("{FAE04EC0-301F-11D3-BF4B-00C04F79EFBC}") = "Practica01", "Practica01\Practica01.csproj", "{0B182654-4835-40D7-B857-E21016ABD630}"
EndProject
Global
	GlobalSection(SolutionConfigurationPlatforms) = preSolution
		Debug|Any CPU = Debug|Any CPU
		Release|Any CPU = Release|Any CPU
	EndGlobalSection
	GlobalSection(ProjectConfigurationPlatforms) = postSolution
		{0B182654-4835-40D7-B857-E21016ABD630}.Debug|Any CPU.ActiveCfg = Debug|Any CPU
		{0B182654-4835-40D7-B857-E21016ABD630}.Debug|Any CPU.Build.0 = Debug|Any CPU
		{0B182654-4835-40D7-B857-E21016ABD630}.Release|Any CPU.ActiveCfg = Release|Any CPU
		{0B182654-4835-40D7-B857-E21016ABD630}.Release|Any CPU.Build.0 = Release|Any CPU
	EndGlobalSection
	GlobalSection(SolutionProperties) = preSolution
		HideSolutionNode = FALSE
	EndGlobalSection
	GlobalSection(ExtensibilityGlobals) = postSolution
		SolutionGuid = {CFD6DAC4-17BC-4C95-BF84-9BC64E5C4660}
	EndGlobalSection
EndGlobal
